
Microsoft Visual Studio Solution File, Format Version 12.00
# Visual Studio for Mac
Project("{FAE04EC0-301F-11D3-BF4B-00C04F79EFBC}") = "Assembly-CSharp", "Assembly-CSharp.csproj", "{0869881A-DEBC-0E29-3716-794611372ED0}"
EndProject
Project("{FAE04EC0-301F-11D3-BF4B-00C04F79EFBC}") = "Assembly-CSharp-Editor", "Assembly-CSharp-Editor.csproj", "{6665E41B-E440-7AAE-EE26-FB3CC90D6C7C}"
EndProject
Global
	GlobalSection(SolutionConfigurationPlatforms) = preSolution
		Debug|Any CPU = Debug|Any CPU
		Release|Any CPU = Release|Any CPU
	EndGlobalSection
	GlobalSection(ProjectConfigurationPlatforms) = postSolution
		{0869881A-DEBC-0E29-3716-794611372ED0}.Debug|Any CPU.ActiveCfg = Debug|Any CPU
		{0869881A-DEBC-0E29-3716-794611372ED0}.Debug|Any CPU.Build.0 = Debug|Any CPU
		{0869881A-DEBC-0E29-3716-794611372ED0}.Release|Any CPU.ActiveCfg = Release|Any CPU
		{0869881A-DEBC-0E29-3716-794611372ED0}.Release|Any CPU.Build.0 = Release|Any CPU
		{6665E41B-E440-7AAE-EE26-FB3CC90D6C7C}.Debug|Any CPU.ActiveCfg = Debug|Any CPU
		{6665E41B-E440-7AAE-EE26-FB3CC90D6C7C}.Debug|Any CPU.Build.0 = Debug|Any CPU
		{6665E41B-E440-7AAE-EE26-FB3CC90D6C7C}.Release|Any CPU.ActiveCfg = Release|Any CPU
		{6665E41B-E440-7AAE-EE26-FB3CC90D6C7C}.Release|Any CPU.Build.0 = Release|Any CPU
	EndGlobalSection
	GlobalSection(SolutionProperties) = preSolution
		HideSolutionNode = FALSE
	EndGlobalSection
EndGlobal
